
Microsoft Visual Studio Solution File, Format Version 12.00
# Visual Studio Version 17
VisualStudioVersion = 17.4.33205.214
MinimumVisualStudioVersion = 10.0.40219.1
Project("{FAE04EC0-301F-11D3-BF4B-00C04F79EFBC}") = "KendoUiProject", "KendoUiProject\KendoUiProject.csproj", "{B6105947-3134-48A2-9A94-0DAEE3CA1ED5}"
EndProject
Global
	GlobalSection(SolutionConfigurationPlatforms) = preSolution
		Debug|Any CPU = Debug|Any CPU
		Release|Any CPU = Release|Any CPU
	EndGlobalSection
	GlobalSection(ProjectConfigurationPlatforms) = postSolution
		{B6105947-3134-48A2-9A94-0DAEE3CA1ED5}.Debug|Any CPU.ActiveCfg = Debug|Any CPU
		{B6105947-3134-48A2-9A94-0DAEE3CA1ED5}.Debug|Any CPU.Build.0 = Debug|Any CPU
		{B6105947-3134-48A2-9A94-0DAEE3CA1ED5}.Release|Any CPU.ActiveCfg = Release|Any CPU
		{B6105947-3134-48A2-9A94-0DAEE3CA1ED5}.Release|Any CPU.Build.0 = Release|Any CPU
	EndGlobalSection
	GlobalSection(SolutionProperties) = preSolution
		HideSolutionNode = FALSE
	EndGlobalSection
	GlobalSection(ExtensibilityGlobals) = postSolution
		SolutionGuid = {846D7693-9EDB-4031-833E-ECD8AA2E2899}
	EndGlobalSection
EndGlobal
